
Microsoft Visual Studio Solution File, Format Version 12.00
# Visual Studio 14
VisualStudioVersion = 14.0.25123.0
MinimumVisualStudioVersion = 10.0.40219.1
Project("{D954291E-2A0B-460D-934E-DC6B0785DB48}") = "b757d", "b757d.shproj", "{3D1F445C-504D-440B-8330-155C1DBDE776}"
EndProject
Global
	GlobalSection(SharedMSBuildProjectFiles) = preSolution
		b757d.projitems*{3d1f445c-504d-440b-8330-155c1dbde776}*SharedItemsImports = 13
	EndGlobalSection
	GlobalSection(SolutionProperties) = preSolution
		HideSolutionNode = FALSE
	EndGlobalSection
EndGlobal
